{
  "name": "sample-private-npm-github",
  "version": "1.0.0",
  "lockfileVersion": 1,
  "requires": true,
  "dependencies": {
    "eslint-config-yara": {
      "version": "git+ssh://git@github.com/yaradigitallabs/eslint-config-yara.git#6ec0c946b8fd40200d99c6258b68f3d317723ed9",
      "from": "git+ssh://git@github.com/yaradigitallabs/eslint-config-yara.git"
    }
  }
}
